// !$*UTF8*$!
{
	archiveVersion = 1;
	classes = {
	};
	objectVersion = 46;
	objects = {

/* Begin PBXBuildFile section */
		682BDBE21AFD5A5C00600225 /* AppDelegate.swift in Sources */ = {isa = PBXBuildFile; fileRef = 682BDBE11AFD5A5C00600225 /* AppDelegate.swift */; };
		682BDBE41AFD5A5C00600225 /* RecordSoundsViewController.swift in Sources */ = {isa = PBXBuildFile; fileRef = 682BDBE31AFD5A5C00600225 /* RecordSoundsViewController.swift */; };
		682BDBE71AFD5A5C00600225 /* Main.storyboard in Resources */ = {isa = PBXBuildFile; fileRef = 682BDBE51AFD5A5C00600225 /* Main.storyboard */; };
		682BDBEC1AFD5A5C00600225 /* LaunchScreen.xib in Resources */ = {isa = PBXBuildFile; fileRef = 682BDBEA1AFD5A5C00600225 /* LaunchScreen.xib */; };
		682BDBF81AFD5A5C00600225 /* Pitch_PerfectTests.swift in Sources */ = {isa = PBXBuildFile; fileRef = 682BDBF71AFD5A5C00600225 /* Pitch_PerfectTests.swift */; };
		68F806401AFD8053001B50E5 /* Images.xcassets in Resources */ = {isa = PBXBuildFile; fileRef = 68F8063F1AFD8053001B50E5 /* Images.xcassets */; };
		68F806421B02C823001B50E5 /* PlaySoundsViewController.swift in Sources */ = {isa = PBXBuildFile; fileRef = 68F806411B02C823001B50E5 /* PlaySoundsViewController.swift */; };
		68F806471B03C98A001B50E5 /* movie_quote.mp3 in Resources */ = {isa = PBXBuildFile; fileRef = 68F806461B03C98A001B50E5 /* movie_quote.mp3 */; };
		68F806491B0437AC001B50E5 /* RecordedAudio.swift in Sources */ = {isa = PBXBuildFile; fileRef = 68F806481B0437AC001B50E5 /* RecordedAudio.swift */; };
/* End PBXBuildFile section */

/* Begin PBXContainerItemProxy section */
		682BDBF21AFD5A5C00600225 /* PBXContainerItemProxy */ = {
			isa = PBXContainerItemProxy;
			containerPortal = 682BDBD41AFD5A5C00600225 /* Project object */;
			proxyType = 1;
			remoteGlobalIDString = 682BDBDB1AFD5A5C00600225;
			remoteInfo = "Pitch Perfect";
		};
/* End PBXContainerItemProxy section */

/* Begin PBXFileReference section */
		682BDBDC1AFD5A5C00600225 /* Pitch Perfect.app */ = {isa = PBXFileReference; explicitFileType = wrapper.application; includeInIndex = 0; path = "Pitch Perfect.app"; sourceTree = BUILT_PRODUCTS_DIR; };
		682BDBE01AFD5A5C00600225 /* Info.plist */ = {isa = PBXFileReference; lastKnownFileType = text.plist.xml; path = Info.plist; sourceTree = "<group>"; };
		682BDBE11AFD5A5C00600225 /* AppDelegate.swift */ = {isa = PBXFileReference; lastKnownFileType = sourcecode.swift; path = AppDelegate.swift; sourceTree = "<group>"; };
		682BDBE31AFD5A5C00600225 /* RecordSoundsViewController.swift */ = {isa = PBXFileReference; lastKnownFileType = sourcecode.swift; path = RecordSoundsViewController.swift; sourceTree = "<group>"; };
		682BDBE61AFD5A5C00600225 /* Base */ = {isa = PBXFileReference; lastKnownFileType = file.storyboard; name = Base; path = Base.lproj/Main.storyboard; sourceTree = "<group>"; };
		682BDBEB1AFD5A5C00600225 /* Base */ = {isa = PBXFileReference; lastKnownFileType = file.xib; name = Base; path = Base.lproj/LaunchScreen.xib; sourceTree = "<group>"; };
		682BDBF11AFD5A5C00600225 /* Pitch PerfectTests.xctest */ = {isa = PBXFileReference; explicitFileType = wrapper.cfbundle; includeInIndex = 0; path = "Pitch PerfectTests.xctest"; sourceTree = BUILT_PRODUCTS_DIR; };
		682BDBF61AFD5A5C00600225 /* Info.plist */ = {isa = PBXFileReference; lastKnownFileType = text.plist.xml; path = Info.plist; sourceTree = "<group>"; };
		682BDBF71AFD5A5C00600225 /* Pitch_PerfectTests.swift */ = {isa = PBXFileReference; lastKnownFileType = sourcecode.swift; path = Pitch_PerfectTests.swift; sourceTree = "<group>"; };
		68F8063F1AFD8053001B50E5 /* Images.xcassets */ = {isa = PBXFileReference; lastKnownFileType = folder.assetcatalog; path = Images.xcassets; sourceTree = "<group>"; };
		68F806411B02C823001B50E5 /* PlaySoundsViewController.swift */ = {isa = PBXFileReference; fileEncoding = 4; lastKnownFileType = sourcecode.swift; path = PlaySoundsViewController.swift; sourceTree = "<group>"; };
		68F806461B03C98A001B50E5 /* movie_quote.mp3 */ = {isa = PBXFileReference; lastKnownFileType = audio.mp3; path = movie_quote.mp3; sourceTree = "<group>"; };
		68F806481B0437AC001B50E5 /* RecordedAudio.swift */ = {isa = PBXFileReference; fileEncoding = 4; lastKnownFileType = sourcecode.swift; path = RecordedAudio.swift; sourceTree = "<group>"; };
/* End PBXFileReference section */

/* Begin PBXFrameworksBuildPhase section */
		682BDBD91AFD5A5C00600225 /* Frameworks */ = {
			isa = PBXFrameworksBuildPhase;
			buildActionMask = 2147483647;
			files = (
			);
			runOnlyForDeploymentPostprocessing = 0;
		};
		682BDBEE1AFD5A5C00600225 /* Frameworks */ = {
			isa = PBXFrameworksBuildPhase;
			buildActionMask = 2147483647;
			files = (
			);
			runOnlyForDeploymentPostprocessing = 0;
		};
/* End PBXFrameworksBuildPhase section */

/* Begin PBXGroup section */
		682BDBD31AFD5A5C00600225 = {
			isa = PBXGroup;
			children = (
				682BDBDE1AFD5A5C00600225 /* Pitch Perfect */,
				682BDBF41AFD5A5C00600225 /* Pitch PerfectTests */,
				682BDBDD1AFD5A5C00600225 /* Products */,
			);
			sourceTree = "<group>";
		};
		682BDBDD1AFD5A5C00600225 /* Products */ = {
			isa = PBXGroup;
			children = (
				682BDBDC1AFD5A5C00600225 /* Pitch Perfect.app */,
				682BDBF11AFD5A5C00600225 /* Pitch PerfectTests.xctest */,
			);
			name = Products;
			sourceTree = "<group>";
		};
		682BDBDE1AFD5A5C00600225 /* Pitch Perfect */ = {
			isa = PBXGroup;
			children = (
				682BDBE11AFD5A5C00600225 /* AppDelegate.swift */,
				682BDBE31AFD5A5C00600225 /* RecordSoundsViewController.swift */,
				68F806481B0437AC001B50E5 /* RecordedAudio.swift */,
				68F806411B02C823001B50E5 /* PlaySoundsViewController.swift */,
				682BDBE51AFD5A5C00600225 /* Main.storyboard */,
				68F8063F1AFD8053001B50E5 /* Images.xcassets */,
				682BDBEA1AFD5A5C00600225 /* LaunchScreen.xib */,
				682BDBDF1AFD5A5C00600225 /* Supporting Files */,
			);
			path = "Pitch Perfect";
			sourceTree = "<group>";
		};
		682BDBDF1AFD5A5C00600225 /* Supporting Files */ = {
			isa = PBXGroup;
			children = (
				68F806461B03C98A001B50E5 /* movie_quote.mp3 */,
				682BDBE01AFD5A5C00600225 /* Info.plist */,
			);
			name = "Supporting Files";
			sourceTree = "<group>";
		};
		682BDBF41AFD5A5C00600225 /* Pitch PerfectTests */ = {
			isa = PBXGroup;
			children = (
				682BDBF71AFD5A5C00600225 /* Pitch_PerfectTests.swift */,
				682BDBF51AFD5A5C00600225 /* Supporting Files */,
			);
			path = "Pitch PerfectTests";
			sourceTree = "<group>";
		};
		682BDBF51AFD5A5C00600225 /* Supporting Files */ = {
			isa = PBXGroup;
			children = (
				682BDBF61AFD5A5C00600225 /* Info.plist */,
			);
			name = "Supporting Files";
			sourceTree = "<group>";
		};
/* End PBXGroup section */

/* Begin PBXNativeTarget section */
		682BDBDB1AFD5A5C00600225 /* Pitch Perfect */ = {
			isa = PBXNativeTarget;
			buildConfigurationList = 682BDBFB1AFD5A5C00600225 /* Build configuration list for PBXNativeTarget "Pitch Perfect" */;
			buildPhases = (
				682BDBD81AFD5A5C00600225 /* Sources */,
				682BDBD91AFD5A5C00600225 /* Frameworks */,
				682BDBDA1AFD5A5C00600225 /* Resources */,
			);
			buildRules = (
			);
			dependencies = (
			);
			name = "Pitch Perfect";
			productName = "Pitch Perfect";
			productReference = 682BDBDC1AFD5A5C00600225 /* Pitch Perfect.app */;
			productType = "com.apple.product-type.application";
		};
		682BDBF01AFD5A5C00600225 /* Pitch PerfectTests */ = {
			isa = PBXNativeTarget;
			buildConfigurationList = 682BDBFE1AFD5A5C00600225 /* Build configuration list for PBXNativeTarget "Pitch PerfectTests" */;
			buildPhases = (
				682BDBED1AFD5A5C00600225 /* Sources */,
				682BDBEE1AFD5A5C00600225 /* Frameworks */,
				682BDBEF1AFD5A5C00600225 /* Resources */,
			);
			buildRules = (
			);
			dependencies = (
				682BDBF31AFD5A5C00600225 /* PBXTargetDependency */,
			);
			name = "Pitch PerfectTests";
			productName = "Pitch PerfectTests";
			productReference = 682BDBF11AFD5A5C00600225 /* Pitch PerfectTests.xctest */;
			productType = "com.apple.product-type.bundle.unit-test";
		};
/* End PBXNativeTarget section */

/* Begin PBXProject section */
		682BDBD41AFD5A5C00600225 /* Project object */ = {
			isa = PBXProject;
			attributes = {
				LastUpgradeCheck = 0630;
				ORGANIZATIONNAME = SankieInc;
				TargetAttributes = {
					682BDBDB1AFD5A5C00600225 = {
						CreatedOnToolsVersion = 6.3.1;
					};
					682BDBF01AFD5A5C00600225 = {
						CreatedOnToolsVersion = 6.3.1;
						TestTargetID = 682BDBDB1AFD5A5C00600225;
					};
				};
			};
			buildConfigurationList = 682BDBD71AFD5A5C00600225 /* Build configuration list for PBXProject "Pitch Perfect" */;
			compatibilityVersion = "Xcode 3.2";
			developmentRegion = English;
			hasScannedForEncodings = 0;
			knownRegions = (
				en,
				Base,
			);
			mainGroup = 682BDBD31AFD5A5C00600225;
			productRefGroup = 682BDBDD1AFD5A5C00600225 /* Products */;
			projectDirPath = "";
			projectRoot = "";
			targets = (
				682BDBDB1AFD5A5C00600225 /* Pitch Perfect */,
				682BDBF01AFD5A5C00600225 /* Pitch PerfectTests */,
			);
		};
/* End PBXProject section */

/* Begin PBXResourcesBuildPhase section */
		682BDBDA1AFD5A5C00600225 /* Resources */ = {
			isa = PBXResourcesBuildPhase;
			buildActionMask = 2147483647;
			files = (
				68F806401AFD8053001B50E5 /* Images.xcassets in Resources */,
				682BDBE71AFD5A5C00600225 /* Main.storyboard in Resources */,
				68F806471B03C98A001B50E5 /* movie_quote.mp3 in Resources */,
				682BDBEC1AFD5A5C00600225 /* LaunchScreen.xib in Resources */,
			);
			runOnlyForDeploymentPostprocessing = 0;
		};
		682BDBEF1AFD5A5C00600225 /* Resources */ = {
			isa = PBXResourcesBuildPhase;
			buildActionMask = 2147483647;
			files = (
			);
			runOnlyForDeploymentPostprocessing = 0;
		};
/* End PBXResourcesBuildPhase section */

/* Begin PBXSourcesBuildPhase section */
		682BDBD81AFD5A5C00600225 /* Sources */ = {
			isa = PBXSourcesBuildPhase;
			buildActionMask = 2147483647;
			files = (
				68F806491B0437AC001B50E5 /* RecordedAudio.swift in Sources */,
				682BDBE41AFD5A5C00600225 /* RecordSoundsViewController.swift in Sources */,
				68F806421B02C823001B50E5 /* PlaySoundsViewController.swift in Sources */,
				682BDBE21AFD5A5C00600225 /* AppDelegate.swift in Sources */,
			);
			runOnlyForDeploymentPostprocessing = 0;
		};
		682BDBED1AFD5A5C00600225 /* Sources */ = {
			isa = PBXSourcesBuildPhase;
			buildActionMask = 2147483647;
			files = (
				682BDBF81AFD5A5C00600225 /* Pitch_PerfectTests.swift in Sources */,
			);
			runOnlyForDeploymentPostprocessing = 0;
		};
/* End PBXSourcesBuildPhase section */

/* Begin PBXTargetDependency section */
		682BDBF31AFD5A5C00600225 /* PBXTargetDependency */ = {
			isa = PBXTargetDependency;
			target = 682BDBDB1AFD5A5C00600225 /* Pitch Perfect */;
			targetProxy = 682BDBF21AFD5A5C00600225 /* PBXContainerItemProxy */;
		};
/* End PBXTargetDependency section */

/* Begin PBXVariantGroup section */
		682BDBE51AFD5A5C00600225 /* Main.storyboard */ = {
			isa = PBXVariantGroup;
			children = (
				682BDBE61AFD5A5C00600225 /* Base */,
			);
			name = Main.storyboard;
			sourceTree = "<group>";
		};
		682BDBEA1AFD5A5C00600225 /* LaunchScreen.xib */ = {
			isa = PBXVariantGroup;
			children = (
				682BDBEB1AFD5A5C00600225 /* Base */,
			);
			name = LaunchScreen.xib;
			sourceTree = "<group>";
		};
/* End PBXVariantGroup section */

/* Begin XCBuildConfiguration section */
		682BDBF91AFD5A5C00600225 /* Debug */ = {
			isa = XCBuildConfiguration;
			buildSettings = {
				ALWAYS_SEARCH_USER_PATHS = NO;
				CLANG_CXX_LANGUAGE_STANDARD = "gnu++0x";
				CLANG_CXX_LIBRARY = "libc++";
				CLANG_ENABLE_MODULES = YES;
				CLANG_ENABLE_OBJC_ARC = YES;
				CLANG_WARN_BOOL_CONVERSION = YES;
				CLANG_WARN_CONSTANT_CONVERSION = YES;
				CLANG_WARN_DIRECT_OBJC_ISA_USAGE = YES_ERROR;
				CLANG_WARN_EMPTY_BODY = YES;
				CLANG_WARN_ENUM_CONVERSION = YES;
				CLANG_WARN_INT_CONVERSION = YES;
				CLANG_WARN_OBJC_ROOT_CLASS = YES_ERROR;
				CLANG_WARN_UNREACHABLE_CODE = YES;
				CLANG_WARN__DUPLICATE_METHOD_MATCH = YES;
				"CODE_SIGN_IDENTITY[sdk=iphoneos*]" = "iPhone Developer";
				COPY_PHASE_STRIP = NO;
				DEBUG_INFORMATION_FORMAT = "dwarf-with-dsym";
				ENABLE_STRICT_OBJC_MSGSEND = YES;
				GCC_C_LANGUAGE_STANDARD = gnu99;
				GCC_DYNAMIC_NO_PIC = NO;
				GCC_NO_COMMON_BLOCKS = YES;
				GCC_OPTIMIZATION_LEVEL = 0;
				GCC_PREPROCESSOR_DEFINITIONS = (
					"DEBUG=1",
					"$(inherited)",
				);
				GCC_SYMBOLS_PRIVATE_EXTERN = NO;
				GCC_WARN_64_TO_32_BIT_CONVERSION = YES;
				GCC_WARN_ABOUT_RETURN_TYPE = YES_ERROR;
				GCC_WARN_UNDECLARED_SELECTOR = YES;
				GCC_WARN_UNINITIALIZED_AUTOS = YES_AGGRESSIVE;
				GCC_WARN_UNUSED_FUNCTION = YES;
				GCC_WARN_UNUSED_VARIABLE = YES;
				IPHONEOS_DEPLOYMENT_TARGET = 8.3;
				MTL_ENABLE_DEBUG_INFO = YES;
				ONLY_ACTIVE_ARCH = YES;
				SDKROOT = iphoneos;
				SWIFT_OPTIMIZATION_LEVEL = "-Onone";
			};
			name = Debug;
		};
		682BDBFA1AFD5A5C00600225 /* Release */ = {
			isa = XCBuildConfiguration;
			buildSettings = {
				ALWAYS_SEARCH_USER_PATHS = NO;
				CLANG_CXX_LANGUAGE_STANDARD = "gnu++0x";
				CLANG_CXX_LIBRARY = "libc++";
				CLANG_ENABLE_MODULES = YES;
				CLANG_ENABLE_OBJC_ARC = YES;
				CLANG_WARN_BOOL_CONVERSION = YES;
				CLANG_WARN_CONSTANT_CONVERSION = YES;
				CLANG_WARN_DIRECT_OBJC_ISA_USAGE = YES_ERROR;
				CLANG_WARN_EMPTY_BODY = YES;
				CLANG_WARN_ENUM_CONVERSION = YES;
				CLANG_WARN_INT_CONVERSION = YES;
				CLANG_WARN_OBJC_ROOT_CLASS = YES_ERROR;
				CLANG_WARN_UNREACHABLE_CODE = YES;
				CLANG_WARN__DUPLICATE_METHOD_MATCH = YES;
				"CODE_SIGN_IDENTITY[sdk=iphoneos*]" = "iPhone Developer";
				COPY_PHASE_STRIP = NO;
				DEBUG_INFORMATION_FORMAT = "dwarf-with-dsym";
				ENABLE_NS_ASSERTIONS = NO;
				ENABLE_STRICT_OBJC_MSGSEND = YES;
				GCC_C_LANGUAGE_STANDARD = gnu99;
				GCC_NO_COMMON_BLOCKS = YES;
				GCC_WARN_64_TO_32_BIT_CONVERSION = YES;
				GCC_WARN_ABOUT_RETURN_TYPE = YES_ERROR;
				GCC_WARN_UNDECLARED_SELECTOR = YES;
				GCC_WARN_UNINITIALIZED_AUTOS = YES_AGGRESSIVE;
				GCC_WARN_UNUSED_FUNCTION = YES;
				GCC_WARN_UNUSED_VARIABLE = YES;
				IPHONEOS_DEPLOYMENT_TARGET = 8.3;
				MTL_ENABLE_DEBUG_INFO = NO;
				SDKROOT = iphoneos;
				VALIDATE_PRODUCT = YES;
			};
			name = Release;
		};
		682BDBFC1AFD5A5C00600225 /* Debug */ = {
			isa = XCBuildConfiguration;
			buildSettings = {
				ASSETCATALOG_COMPILER_APPICON_NAME = AppIcon;
				INFOPLIST_FILE = "Pitch Perfect/Info.plist";
				LD_RUNPATH_SEARCH_PATHS = "$(inherited) @executable_path/Frameworks";
				PRODUCT_NAME = "$(TARGET_NAME)";
			};
			name = Debug;
		};
		682BDBFD1AFD5A5C00600225 /* Release */ = {
			isa = XCBuildConfiguration;
			buildSettings = {
				ASSETCATALOG_COMPILER_APPICON_NAME = AppIcon;
				INFOPLIST_FILE = "Pitch Perfect/Info.plist";
				LD_RUNPATH_SEARCH_PATHS = "$(inherited) @executable_path/Frameworks";
				PRODUCT_NAME = "$(TARGET_NAME)";
			};
			name = Release;
		};
		682BDBFF1AFD5A5C00600225 /* Debug */ = {
			isa = XCBuildConfiguration;
			buildSettings = {
				BUNDLE_LOADER = "$(TEST_HOST)";
				FRAMEWORK_SEARCH_PATHS = (
					"$(SDKROOT)/Developer/Library/Frameworks",
					"$(inherited)",
				);
				GCC_PREPROCESSOR_DEFINITIONS = (
					"DEBUG=1",
					"$(inherited)",
				);
				INFOPLIST_FILE = "Pitch PerfectTests/Info.plist";
				LD_RUNPATH_SEARCH_PATHS = "$(inherited) @executable_path/Frameworks @loader_path/Frameworks";
				PRODUCT_NAME = "$(TARGET_NAME)";
				TEST_HOST = "$(BUILT_PRODUCTS_DIR)/Pitch Perfect.app/Pitch Perfect";
			};
			name = Debug;
		};
		682BDC001AFD5A5C00600225 /* Release */ = {
			isa = XCBuildConfiguration;
			buildSettings = {
				BUNDLE_LOADER = "$(TEST_HOST)";
				FRAMEWORK_SEARCH_PATHS = (
					"$(SDKROOT)/Developer/Library/Frameworks",
					"$(inherited)",
				);
				INFOPLIST_FILE = "Pitch PerfectTests/Info.plist";
				LD_RUNPATH_SEARCH_PATHS = "$(inherited) @executable_path/Frameworks @loader_path/Frameworks";
				PRODUCT_NAME = "$(TARGET_NAME)";
				TEST_HOST = "$(BUILT_PRODUCTS_DIR)/Pitch Perfect.app/Pitch Perfect";
			};
			name = Release;
		};
/* End XCBuildConfiguration section */

/* Begin XCConfigurationList section */
		682BDBD71AFD5A5C00600225 /* Build configuration list for PBXProject "Pitch Perfect" */ = {
			isa = XCConfigurationList;
			buildConfigurations = (
				682BDBF91AFD5A5C00600225 /* Debug */,
				682BDBFA1AFD5A5C00600225 /* Release */,
			);
			defaultConfigurationIsVisible = 0;
			defaultConfigurationName = Release;
		};
		682BDBFB1AFD5A5C00600225 /* Build configuration list for PBXNativeTarget "Pitch Perfect" */ = {
			isa = XCConfigurationList;
			buildConfigurations = (
				682BDBFC1AFD5A5C00600225 /* Debug */,
				682BDBFD1AFD5A5C00600225 /* Release */,
			);
			defaultConfigurationIsVisible = 0;
			defaultConfigurationName = Release;
		};
		682BDBFE1AFD5A5C00600225 /* Build configuration list for PBXNativeTarget "Pitch PerfectTests" */ = {
			isa = XCConfigurationList;
			buildConfigurations = (
				682BDBFF1AFD5A5C00600225 /* Debug */,
				682BDC001AFD5A5C00600225 /* Release */,
			);
			defaultConfigurationIsVisible = 0;
			defaultConfigurationName = Release;
		};
/* End XCConfigurationList section */
	};
	rootObject = 682BDBD41AFD5A5C00600225 /* Project object */;
}
